
Microsoft Visual Studio Solution File, Format Version 12.00
# Visual Studio 14
VisualStudioVersion = 14.0.25420.1
MinimumVisualStudioVersion = 10.0.40219.1
Project("{2150E333-8FDC-42A3-9474-1A3956D46DE8}") = "src", "src", "{459C7D13-F4C4-4892-A9CD-7E44289B1572}"
EndProject
Project("{2150E333-8FDC-42A3-9474-1A3956D46DE8}") = "Solution Items", "Solution Items", "{F1CC3E28-AFA1-415B-AB81-5EA5F8108A2C}"
	ProjectSection(SolutionItems) = preProject
		global.json = global.json
	EndProjectSection
EndProject
Project("{8BB2217D-0F2D-49D1-97BC-3654ED321F3B}") = "DotnetCore.RestAPIDemo", "src\DotnetCore.RestAPIDemo\DotnetCore.RestAPIDemo.xproj", "{BDA41EEE-F0D2-4290-A396-29BF33115BB0}"
EndProject
Project("{8BB2217D-0F2D-49D1-97BC-3654ED321F3B}") = "DotnetCore.RestPAPIDemo.Model", "src\DotnetCore.RestPAPIDemo.Model\DotnetCore.RestPAPIDemo.Model.xproj", "{7CF75328-A448-4AA0-AD86-BFCE64E4DD4E}"
EndProject
Project("{8BB2217D-0F2D-49D1-97BC-3654ED321F3B}") = "DotnetCore.RestAPIDemo.Data", "src\DotnetCore.RestAPIDemo.Data\DotnetCore.RestAPIDemo.Data.xproj", "{C96839A2-F117-4DED-957D-E1E57664448F}"
EndProject
Global
	GlobalSection(SolutionConfigurationPlatforms) = preSolution
		Debug|Any CPU = Debug|Any CPU
		Release|Any CPU = Release|Any CPU
	EndGlobalSection
	GlobalSection(ProjectConfigurationPlatforms) = postSolution
		{BDA41EEE-F0D2-4290-A396-29BF33115BB0}.Debug|Any CPU.ActiveCfg = Debug|Any CPU
		{BDA41EEE-F0D2-4290-A396-29BF33115BB0}.Debug|Any CPU.Build.0 = Debug|Any CPU
		{BDA41EEE-F0D2-4290-A396-29BF33115BB0}.Release|Any CPU.ActiveCfg = Release|Any CPU
		{BDA41EEE-F0D2-4290-A396-29BF33115BB0}.Release|Any CPU.Build.0 = Release|Any CPU
		{7CF75328-A448-4AA0-AD86-BFCE64E4DD4E}.Debug|Any CPU.ActiveCfg = Debug|Any CPU
		{7CF75328-A448-4AA0-AD86-BFCE64E4DD4E}.Debug|Any CPU.Build.0 = Debug|Any CPU
		{7CF75328-A448-4AA0-AD86-BFCE64E4DD4E}.Release|Any CPU.ActiveCfg = Release|Any CPU
		{7CF75328-A448-4AA0-AD86-BFCE64E4DD4E}.Release|Any CPU.Build.0 = Release|Any CPU
		{C96839A2-F117-4DED-957D-E1E57664448F}.Debug|Any CPU.ActiveCfg = Debug|Any CPU
		{C96839A2-F117-4DED-957D-E1E57664448F}.Debug|Any CPU.Build.0 = Debug|Any CPU
		{C96839A2-F117-4DED-957D-E1E57664448F}.Release|Any CPU.ActiveCfg = Release|Any CPU
		{C96839A2-F117-4DED-957D-E1E57664448F}.Release|Any CPU.Build.0 = Release|Any CPU
	EndGlobalSection
	GlobalSection(SolutionProperties) = preSolution
		HideSolutionNode = FALSE
	EndGlobalSection
	GlobalSection(NestedProjects) = preSolution
		{BDA41EEE-F0D2-4290-A396-29BF33115BB0} = {459C7D13-F4C4-4892-A9CD-7E44289B1572}
		{7CF75328-A448-4AA0-AD86-BFCE64E4DD4E} = {459C7D13-F4C4-4892-A9CD-7E44289B1572}
		{C96839A2-F117-4DED-957D-E1E57664448F} = {459C7D13-F4C4-4892-A9CD-7E44289B1572}
	EndGlobalSection
EndGlobal
